// !$*UTF8*$!
{
	archiveVersion = 1;
	classes = {
	};
	objectVersion = 55;
	objects = {

/* Begin PBXBuildFile section */
		F539C423279EA81700EFAB2A /* AppDelegate.swift in Sources */ = {isa = PBXBuildFile; fileRef = F539C422279EA81700EFAB2A /* AppDelegate.swift */; };
		F539C427279EA81700EFAB2A /* MainViewController.swift in Sources */ = {isa = PBXBuildFile; fileRef = F539C426279EA81700EFAB2A /* MainViewController.swift */; };
		F539C42C279EA81800EFAB2A /* Assets.xcassets in Resources */ = {isa = PBXBuildFile; fileRef = F539C42B279EA81800EFAB2A /* Assets.xcassets */; };
		F539C42F279EA81800EFAB2A /* LaunchScreen.storyboard in Resources */ = {isa = PBXBuildFile; fileRef = F539C42D279EA81800EFAB2A /* LaunchScreen.storyboard */; };
		F539C438279EA83100EFAB2A /* SnapKit in Frameworks */ = {isa = PBXBuildFile; productRef = F539C437279EA83100EFAB2A /* SnapKit */; };
		F539C43A279EBC2C00EFAB2A /* SettingsViewController.swift in Sources */ = {isa = PBXBuildFile; fileRef = F539C439279EBC2C00EFAB2A /* SettingsViewController.swift */; };
		F539C43C279EBC7E00EFAB2A /* HistoryViewController.swift in Sources */ = {isa = PBXBuildFile; fileRef = F539C43B279EBC7E00EFAB2A /* HistoryViewController.swift */; };
		F539C440279F3AAE00EFAB2A /* TCTabBarController.swift in Sources */ = {isa = PBXBuildFile; fileRef = F539C43F279F3AAE00EFAB2A /* TCTabBarController.swift */; };
		F58EE94027A807E200ED34AC /* SelectDateViewController.swift in Sources */ = {isa = PBXBuildFile; fileRef = F58EE93F27A807E100ED34AC /* SelectDateViewController.swift */; };
/* End PBXBuildFile section */

/* Begin PBXFileReference section */
		F539C41F279EA81700EFAB2A /* HW3.app */ = {isa = PBXFileReference; explicitFileType = wrapper.application; includeInIndex = 0; path = HW3.app; sourceTree = BUILT_PRODUCTS_DIR; };
		F539C422279EA81700EFAB2A /* AppDelegate.swift */ = {isa = PBXFileReference; lastKnownFileType = sourcecode.swift; path = AppDelegate.swift; sourceTree = "<group>"; };
		F539C426279EA81700EFAB2A /* MainViewController.swift */ = {isa = PBXFileReference; lastKnownFileType = sourcecode.swift; path = MainViewController.swift; sourceTree = "<group>"; };
		F539C42B279EA81800EFAB2A /* Assets.xcassets */ = {isa = PBXFileReference; lastKnownFileType = folder.assetcatalog; path = Assets.xcassets; sourceTree = "<group>"; };
		F539C42E279EA81800EFAB2A /* Base */ = {isa = PBXFileReference; lastKnownFileType = file.storyboard; name = Base; path = Base.lproj/LaunchScreen.storyboard; sourceTree = "<group>"; };
		F539C430279EA81800EFAB2A /* Info.plist */ = {isa = PBXFileReference; lastKnownFileType = text.plist.xml; path = Info.plist; sourceTree = "<group>"; };
		F539C439279EBC2C00EFAB2A /* SettingsViewController.swift */ = {isa = PBXFileReference; lastKnownFileType = sourcecode.swift; path = SettingsViewController.swift; sourceTree = "<group>"; };
		F539C43B279EBC7E00EFAB2A /* HistoryViewController.swift */ = {isa = PBXFileReference; lastKnownFileType = sourcecode.swift; path = HistoryViewController.swift; sourceTree = "<group>"; };
		F539C43F279F3AAE00EFAB2A /* TCTabBarController.swift */ = {isa = PBXFileReference; lastKnownFileType = sourcecode.swift; path = TCTabBarController.swift; sourceTree = "<group>"; };
		F58EE93F27A807E100ED34AC /* SelectDateViewController.swift */ = {isa = PBXFileReference; lastKnownFileType = sourcecode.swift; path = SelectDateViewController.swift; sourceTree = "<group>"; };
/* End PBXFileReference section */

/* Begin PBXFrameworksBuildPhase section */
		F539C41C279EA81700EFAB2A /* Frameworks */ = {
			isa = PBXFrameworksBuildPhase;
			buildActionMask = 2147483647;
			files = (
				F539C438279EA83100EFAB2A /* SnapKit in Frameworks */,
			);
			runOnlyForDeploymentPostprocessing = 0;
		};
/* End PBXFrameworksBuildPhase section */

/* Begin PBXGroup section */
		F539C416279EA81700EFAB2A = {
			isa = PBXGroup;
			children = (
				F539C421279EA81700EFAB2A /* HW3 */,
				F539C420279EA81700EFAB2A /* Products */,
			);
			sourceTree = "<group>";
		};
		F539C420279EA81700EFAB2A /* Products */ = {
			isa = PBXGroup;
			children = (
				F539C41F279EA81700EFAB2A /* HW3.app */,
			);
			name = Products;
			sourceTree = "<group>";
		};
		F539C421279EA81700EFAB2A /* HW3 */ = {
			isa = PBXGroup;
			children = (
				F5DBB83827A2B48800D7AFD4 /* Code */,
				F5DBB83727A2B34B00D7AFD4 /* Resources */,
			);
			path = HW3;
			sourceTree = "<group>";
		};
		F5DBB83727A2B34B00D7AFD4 /* Resources */ = {
			isa = PBXGroup;
			children = (
				F539C42B279EA81800EFAB2A /* Assets.xcassets */,
				F539C430279EA81800EFAB2A /* Info.plist */,
				F539C42D279EA81800EFAB2A /* LaunchScreen.storyboard */,
			);
			path = Resources;
			sourceTree = "<group>";
		};
		F5DBB83827A2B48800D7AFD4 /* Code */ = {
			isa = PBXGroup;
			children = (
				F5DBB83927A2B4CA00D7AFD4 /* Controller */,
				F5DBB83A27A2B4F000D7AFD4 /* Modules */,
			);
			path = Code;
			sourceTree = "<group>";
		};
		F5DBB83927A2B4CA00D7AFD4 /* Controller */ = {
			isa = PBXGroup;
			children = (
				F539C422279EA81700EFAB2A /* AppDelegate.swift */,
			);
			path = Controller;
			sourceTree = "<group>";
		};
		F5DBB83A27A2B4F000D7AFD4 /* Modules */ = {
			isa = PBXGroup;
			children = (
				F539C43F279F3AAE00EFAB2A /* TCTabBarController.swift */,
				F539C426279EA81700EFAB2A /* MainViewController.swift */,
				F539C439279EBC2C00EFAB2A /* SettingsViewController.swift */,
				F58EE93F27A807E100ED34AC /* SelectDateViewController.swift */,
				F539C43B279EBC7E00EFAB2A /* HistoryViewController.swift */,
			);
			path = Modules;
			sourceTree = "<group>";
		};
/* End PBXGroup section */

/* Begin PBXNativeTarget section */
		F539C41E279EA81700EFAB2A /* HW3 */ = {
			isa = PBXNativeTarget;
			buildConfigurationList = F539C433279EA81800EFAB2A /* Build configuration list for PBXNativeTarget "HW3" */;
			buildPhases = (
				F539C41B279EA81700EFAB2A /* Sources */,
				F539C41C279EA81700EFAB2A /* Frameworks */,
				F539C41D279EA81700EFAB2A /* Resources */,
			);
			buildRules = (
			);
			dependencies = (
			);
			name = HW3;
			packageProductDependencies = (
				F539C437279EA83100EFAB2A /* SnapKit */,
			);
			productName = HW3;
			productReference = F539C41F279EA81700EFAB2A /* HW3.app */;
			productType = "com.apple.product-type.application";
		};
/* End PBXNativeTarget section */

/* Begin PBXProject section */
		F539C417279EA81700EFAB2A /* Project object */ = {
			isa = PBXProject;
			attributes = {
				BuildIndependentTargetsInParallel = 1;
				LastSwiftUpdateCheck = 1310;
				LastUpgradeCheck = 1310;
				TargetAttributes = {
					F539C41E279EA81700EFAB2A = {
						CreatedOnToolsVersion = 13.1;
					};
				};
			};
			buildConfigurationList = F539C41A279EA81700EFAB2A /* Build configuration list for PBXProject "HW3" */;
			compatibilityVersion = "Xcode 13.0";
			developmentRegion = en;
			hasScannedForEncodings = 0;
			knownRegions = (
				en,
				Base,
			);
			mainGroup = F539C416279EA81700EFAB2A;
			packageReferences = (
				F539C436279EA83100EFAB2A /* XCRemoteSwiftPackageReference "SnapKit" */,
			);
			productRefGroup = F539C420279EA81700EFAB2A /* Products */;
			projectDirPath = "";
			projectRoot = "";
			targets = (
				F539C41E279EA81700EFAB2A /* HW3 */,
			);
		};
/* End PBXProject section */

/* Begin PBXResourcesBuildPhase section */
		F539C41D279EA81700EFAB2A /* Resources */ = {
			isa = PBXResourcesBuildPhase;
			buildActionMask = 2147483647;
			files = (
				F539C42F279EA81800EFAB2A /* LaunchScreen.storyboard in Resources */,
				F539C42C279EA81800EFAB2A /* Assets.xcassets in Resources */,
			);
			runOnlyForDeploymentPostprocessing = 0;
		};
/* End PBXResourcesBuildPhase section */

/* Begin PBXSourcesBuildPhase section */
		F539C41B279EA81700EFAB2A /* Sources */ = {
			isa = PBXSourcesBuildPhase;
			buildActionMask = 2147483647;
			files = (
				F58EE94027A807E200ED34AC /* SelectDateViewController.swift in Sources */,
				F539C43A279EBC2C00EFAB2A /* SettingsViewController.swift in Sources */,
				F539C427279EA81700EFAB2A /* MainViewController.swift in Sources */,
				F539C423279EA81700EFAB2A /* AppDelegate.swift in Sources */,
				F539C440279F3AAE00EFAB2A /* TCTabBarController.swift in Sources */,
				F539C43C279EBC7E00EFAB2A /* HistoryViewController.swift in Sources */,
			);
			runOnlyForDeploymentPostprocessing = 0;
		};
/* End PBXSourcesBuildPhase section */

/* Begin PBXVariantGroup section */
		F539C42D279EA81800EFAB2A /* LaunchScreen.storyboard */ = {
			isa = PBXVariantGroup;
			children = (
				F539C42E279EA81800EFAB2A /* Base */,
			);
			name = LaunchScreen.storyboard;
			sourceTree = "<group>";
		};
/* End PBXVariantGroup section */

/* Begin XCBuildConfiguration section */
		F539C431279EA81800EFAB2A /* Debug */ = {
			isa = XCBuildConfiguration;
			buildSettings = {
				ALWAYS_SEARCH_USER_PATHS = NO;
				CLANG_ANALYZER_NONNULL = YES;
				CLANG_ANALYZER_NUMBER_OBJECT_CONVERSION = YES_AGGRESSIVE;
				CLANG_CXX_LANGUAGE_STANDARD = "gnu++17";
				CLANG_CXX_LIBRARY = "libc++";
				CLANG_ENABLE_MODULES = YES;
				CLANG_ENABLE_OBJC_ARC = YES;
				CLANG_ENABLE_OBJC_WEAK = YES;
				CLANG_WARN_BLOCK_CAPTURE_AUTORELEASING = YES;
				CLANG_WARN_BOOL_CONVERSION = YES;
				CLANG_WARN_COMMA = YES;
				CLANG_WARN_CONSTANT_CONVERSION = YES;
				CLANG_WARN_DEPRECATED_OBJC_IMPLEMENTATIONS = YES;
				CLANG_WARN_DIRECT_OBJC_ISA_USAGE = YES_ERROR;
				CLANG_WARN_DOCUMENTATION_COMMENTS = YES;
				CLANG_WARN_EMPTY_BODY = YES;
				CLANG_WARN_ENUM_CONVERSION = YES;
				CLANG_WARN_INFINITE_RECURSION = YES;
				CLANG_WARN_INT_CONVERSION = YES;
				CLANG_WARN_NON_LITERAL_NULL_CONVERSION = YES;
				CLANG_WARN_OBJC_IMPLICIT_RETAIN_SELF = YES;
				CLANG_WARN_OBJC_LITERAL_CONVERSION = YES;
				CLANG_WARN_OBJC_ROOT_CLASS = YES_ERROR;
				CLANG_WARN_QUOTED_INCLUDE_IN_FRAMEWORK_HEADER = YES;
				CLANG_WARN_RANGE_LOOP_ANALYSIS = YES;
				CLANG_WARN_STRICT_PROTOTYPES = YES;
				CLANG_WARN_SUSPICIOUS_MOVE = YES;
				CLANG_WARN_UNGUARDED_AVAILABILITY = YES_AGGRESSIVE;
				CLANG_WARN_UNREACHABLE_CODE = YES;
				CLANG_WARN__DUPLICATE_METHOD_MATCH = YES;
				COPY_PHASE_STRIP = NO;
				DEBUG_INFORMATION_FORMAT = dwarf;
				ENABLE_STRICT_OBJC_MSGSEND = YES;
				ENABLE_TESTABILITY = YES;
				GCC_C_LANGUAGE_STANDARD = gnu11;
				GCC_DYNAMIC_NO_PIC = NO;
				GCC_NO_COMMON_BLOCKS = YES;
				GCC_OPTIMIZATION_LEVEL = 0;
				GCC_PREPROCESSOR_DEFINITIONS = (
					"DEBUG=1",
					"$(inherited)",
				);
				GCC_WARN_64_TO_32_BIT_CONVERSION = YES;
				GCC_WARN_ABOUT_RETURN_TYPE = YES_ERROR;
				GCC_WARN_UNDECLARED_SELECTOR = YES;
				GCC_WARN_UNINITIALIZED_AUTOS = YES_AGGRESSIVE;
				GCC_WARN_UNUSED_FUNCTION = YES;
				GCC_WARN_UNUSED_VARIABLE = YES;
				IPHONEOS_DEPLOYMENT_TARGET = 15.0;
				MTL_ENABLE_DEBUG_INFO = INCLUDE_SOURCE;
				MTL_FAST_MATH = YES;
				ONLY_ACTIVE_ARCH = YES;
				SDKROOT = iphoneos;
				SWIFT_ACTIVE_COMPILATION_CONDITIONS = DEBUG;
				SWIFT_OPTIMIZATION_LEVEL = "-Onone";
			};
			name = Debug;
		};
		F539C432279EA81800EFAB2A /* Release */ = {
			isa = XCBuildConfiguration;
			buildSettings = {
				ALWAYS_SEARCH_USER_PATHS = NO;
				CLANG_ANALYZER_NONNULL = YES;
				CLANG_ANALYZER_NUMBER_OBJECT_CONVERSION = YES_AGGRESSIVE;
				CLANG_CXX_LANGUAGE_STANDARD = "gnu++17";
				CLANG_CXX_LIBRARY = "libc++";
				CLANG_ENABLE_MODULES = YES;
				CLANG_ENABLE_OBJC_ARC = YES;
				CLANG_ENABLE_OBJC_WEAK = YES;
				CLANG_WARN_BLOCK_CAPTURE_AUTORELEASING = YES;
				CLANG_WARN_BOOL_CONVERSION = YES;
				CLANG_WARN_COMMA = YES;
				CLANG_WARN_CONSTANT_CONVERSION = YES;
				CLANG_WARN_DEPRECATED_OBJC_IMPLEMENTATIONS = YES;
				CLANG_WARN_DIRECT_OBJC_ISA_USAGE = YES_ERROR;
				CLANG_WARN_DOCUMENTATION_COMMENTS = YES;
				CLANG_WARN_EMPTY_BODY = YES;
				CLANG_WARN_ENUM_CONVERSION = YES;
				CLANG_WARN_INFINITE_RECURSION = YES;
				CLANG_WARN_INT_CONVERSION = YES;
				CLANG_WARN_NON_LITERAL_NULL_CONVERSION = YES;
				CLANG_WARN_OBJC_IMPLICIT_RETAIN_SELF = YES;
				CLANG_WARN_OBJC_LITERAL_CONVERSION = YES;
				CLANG_WARN_OBJC_ROOT_CLASS = YES_ERROR;
				CLANG_WARN_QUOTED_INCLUDE_IN_FRAMEWORK_HEADER = YES;
				CLANG_WARN_RANGE_LOOP_ANALYSIS = YES;
				CLANG_WARN_STRICT_PROTOTYPES = YES;
				CLANG_WARN_SUSPICIOUS_MOVE = YES;
				CLANG_WARN_UNGUARDED_AVAILABILITY = YES_AGGRESSIVE;
				CLANG_WARN_UNREACHABLE_CODE = YES;
				CLANG_WARN__DUPLICATE_METHOD_MATCH = YES;
				COPY_PHASE_STRIP = NO;
				DEBUG_INFORMATION_FORMAT = "dwarf-with-dsym";
				ENABLE_NS_ASSERTIONS = NO;
				ENABLE_STRICT_OBJC_MSGSEND = YES;
				GCC_C_LANGUAGE_STANDARD = gnu11;
				GCC_NO_COMMON_BLOCKS = YES;
				GCC_WARN_64_TO_32_BIT_CONVERSION = YES;
				GCC_WARN_ABOUT_RETURN_TYPE = YES_ERROR;
				GCC_WARN_UNDECLARED_SELECTOR = YES;
				GCC_WARN_UNINITIALIZED_AUTOS = YES_AGGRESSIVE;
				GCC_WARN_UNUSED_FUNCTION = YES;
				GCC_WARN_UNUSED_VARIABLE = YES;
				IPHONEOS_DEPLOYMENT_TARGET = 15.0;
				MTL_ENABLE_DEBUG_INFO = NO;
				MTL_FAST_MATH = YES;
				SDKROOT = iphoneos;
				SWIFT_COMPILATION_MODE = wholemodule;
				SWIFT_OPTIMIZATION_LEVEL = "-O";
				VALIDATE_PRODUCT = YES;
			};
			name = Release;
		};
		F539C434279EA81800EFAB2A /* Debug */ = {
			isa = XCBuildConfiguration;
			buildSettings = {
				ASSETCATALOG_COMPILER_APPICON_NAME = AppIcon;
				ASSETCATALOG_COMPILER_GLOBAL_ACCENT_COLOR_NAME = AccentColor;
				CODE_SIGN_STYLE = Automatic;
				CURRENT_PROJECT_VERSION = 1;
				DEVELOPMENT_TEAM = HVCTYH764F;
				GENERATE_INFOPLIST_FILE = YES;
				INFOPLIST_FILE = HW3/Resources/Info.plist;
				INFOPLIST_KEY_UIApplicationSupportsIndirectInputEvents = YES;
				INFOPLIST_KEY_UILaunchStoryboardName = LaunchScreen;
				INFOPLIST_KEY_UISupportedInterfaceOrientations_iPad = "UIInterfaceOrientationPortrait UIInterfaceOrientationPortraitUpsideDown UIInterfaceOrientationLandscapeLeft UIInterfaceOrientationLandscapeRight";
				INFOPLIST_KEY_UISupportedInterfaceOrientations_iPhone = "UIInterfaceOrientationPortrait UIInterfaceOrientationLandscapeLeft UIInterfaceOrientationLandscapeRight";
				LD_RUNPATH_SEARCH_PATHS = (
					"$(inherited)",
					"@executable_path/Frameworks",
				);
				MARKETING_VERSION = 1.0;
				PRODUCT_BUNDLE_IDENTIFIER = "arslan-default-project.HW3";
				PRODUCT_NAME = "$(TARGET_NAME)";
				SWIFT_EMIT_LOC_STRINGS = YES;
				SWIFT_VERSION = 5.0;
				TARGETED_DEVICE_FAMILY = "1,2";
			};
			name = Debug;
		};
		F539C435279EA81800EFAB2A /* Release */ = {
			isa = XCBuildConfiguration;
			buildSettings = {
				ASSETCATALOG_COMPILER_APPICON_NAME = AppIcon;
				ASSETCATALOG_COMPILER_GLOBAL_ACCENT_COLOR_NAME = AccentColor;
				CODE_SIGN_STYLE = Automatic;
				CURRENT_PROJECT_VERSION = 1;
				DEVELOPMENT_TEAM = HVCTYH764F;
				GENERATE_INFOPLIST_FILE = YES;
				INFOPLIST_FILE = HW3/Resources/Info.plist;
				INFOPLIST_KEY_UIApplicationSupportsIndirectInputEvents = YES;
				INFOPLIST_KEY_UILaunchStoryboardName = LaunchScreen;
				INFOPLIST_KEY_UISupportedInterfaceOrientations_iPad = "UIInterfaceOrientationPortrait UIInterfaceOrientationPortraitUpsideDown UIInterfaceOrientationLandscapeLeft UIInterfaceOrientationLandscapeRight";
				INFOPLIST_KEY_UISupportedInterfaceOrientations_iPhone = "UIInterfaceOrientationPortrait UIInterfaceOrientationLandscapeLeft UIInterfaceOrientationLandscapeRight";
				LD_RUNPATH_SEARCH_PATHS = (
					"$(inherited)",
					"@executable_path/Frameworks",
				);
				MARKETING_VERSION = 1.0;
				PRODUCT_BUNDLE_IDENTIFIER = "arslan-default-project.HW3";
				PRODUCT_NAME = "$(TARGET_NAME)";
				SWIFT_EMIT_LOC_STRINGS = YES;
				SWIFT_VERSION = 5.0;
				TARGETED_DEVICE_FAMILY = "1,2";
			};
			name = Release;
		};
/* End XCBuildConfiguration section */

/* Begin XCConfigurationList section */
		F539C41A279EA81700EFAB2A /* Build configuration list for PBXProject "HW3" */ = {
			isa = XCConfigurationList;
			buildConfigurations = (
				F539C431279EA81800EFAB2A /* Debug */,
				F539C432279EA81800EFAB2A /* Release */,
			);
			defaultConfigurationIsVisible = 0;
			defaultConfigurationName = Release;
		};
		F539C433279EA81800EFAB2A /* Build configuration list for PBXNativeTarget "HW3" */ = {
			isa = XCConfigurationList;
			buildConfigurations = (
				F539C434279EA81800EFAB2A /* Debug */,
				F539C435279EA81800EFAB2A /* Release */,
			);
			defaultConfigurationIsVisible = 0;
			defaultConfigurationName = Release;
		};
/* End XCConfigurationList section */

/* Begin XCRemoteSwiftPackageReference section */
		F539C436279EA83100EFAB2A /* XCRemoteSwiftPackageReference "SnapKit" */ = {
			isa = XCRemoteSwiftPackageReference;
			repositoryURL = "https://github.com/SnapKit/SnapKit";
			requirement = {
				branch = develop;
				kind = branch;
			};
		};
/* End XCRemoteSwiftPackageReference section */

/* Begin XCSwiftPackageProductDependency section */
		F539C437279EA83100EFAB2A /* SnapKit */ = {
			isa = XCSwiftPackageProductDependency;
			package = F539C436279EA83100EFAB2A /* XCRemoteSwiftPackageReference "SnapKit" */;
			productName = SnapKit;
		};
/* End XCSwiftPackageProductDependency section */
	};
	rootObject = F539C417279EA81700EFAB2A /* Project object */;
}
